
Microsoft Visual Studio Solution File, Format Version 12.00
# Visual Studio Version 16
VisualStudioVersion = 16.0.29020.237
MinimumVisualStudioVersion = 10.0.40219.1
Project("{8BC9CEB8-8B4A-11D0-8D11-00A0C91BC942}") = "GLRenderer", "GLRenderer\GLRenderer.vcxproj", "{120AF2D2-AF4E-4089-9E07-CDD14351B532}"
EndProject
Global
	GlobalSection(SolutionConfigurationPlatforms) = preSolution
		Debug|x64 = Debug|x64
		Debug|x86 = Debug|x86
		Release|x64 = Release|x64
		Release|x86 = Release|x86
	EndGlobalSection
	GlobalSection(ProjectConfigurationPlatforms) = postSolution
		{120AF2D2-AF4E-4089-9E07-CDD14351B532}.Debug|x64.ActiveCfg = Debug|x64
		{120AF2D2-AF4E-4089-9E07-CDD14351B532}.Debug|x64.Build.0 = Debug|x64
		{120AF2D2-AF4E-4089-9E07-CDD14351B532}.Debug|x86.ActiveCfg = Debug|Win32
		{120AF2D2-AF4E-4089-9E07-CDD14351B532}.Debug|x86.Build.0 = Debug|Win32
		{120AF2D2-AF4E-4089-9E07-CDD14351B532}.Release|x64.ActiveCfg = Release|x64
		{120AF2D2-AF4E-4089-9E07-CDD14351B532}.Release|x64.Build.0 = Release|x64
		{120AF2D2-AF4E-4089-9E07-CDD14351B532}.Release|x86.ActiveCfg = Release|Win32
		{120AF2D2-AF4E-4089-9E07-CDD14351B532}.Release|x86.Build.0 = Release|Win32
	EndGlobalSection
	GlobalSection(SolutionProperties) = preSolution
		HideSolutionNode = FALSE
	EndGlobalSection
	GlobalSection(ExtensibilityGlobals) = postSolution
		SolutionGuid = {39E9F698-BF17-4643-8C05-BDC149A8D257}
	EndGlobalSection
EndGlobal
